
Microsoft Visual Studio Solution File, Format Version 12.00
# Visual Studio Version 17
VisualStudioVersion = 17.4.33103.184
MinimumVisualStudioVersion = 10.0.40219.1
Project("{9A19103F-16F7-4668-BE54-9A1E7A4F7556}") = "Cache.Core", "Cache.Core\Cache.Core.csproj", "{EBB5CD0D-BA54-480E-8F24-64F25ED9C71C}"
EndProject
Project("{FAE04EC0-301F-11D3-BF4B-00C04F79EFBC}") = "Cache.Imp", "Cache.Imp\Cache.Imp.csproj", "{8CFAED3D-5906-4FC4-B65D-53AC2DA4F8C5}"
EndProject
Global
	GlobalSection(SolutionConfigurationPlatforms) = preSolution
		Debug|Any CPU = Debug|Any CPU
		Release|Any CPU = Release|Any CPU
	EndGlobalSection
	GlobalSection(ProjectConfigurationPlatforms) = postSolution
		{EBB5CD0D-BA54-480E-8F24-64F25ED9C71C}.Debug|Any CPU.ActiveCfg = Debug|Any CPU
		{EBB5CD0D-BA54-480E-8F24-64F25ED9C71C}.Debug|Any CPU.Build.0 = Debug|Any CPU
		{EBB5CD0D-BA54-480E-8F24-64F25ED9C71C}.Release|Any CPU.ActiveCfg = Release|Any CPU
		{EBB5CD0D-BA54-480E-8F24-64F25ED9C71C}.Release|Any CPU.Build.0 = Release|Any CPU
		{8CFAED3D-5906-4FC4-B65D-53AC2DA4F8C5}.Debug|Any CPU.ActiveCfg = Debug|Any CPU
		{8CFAED3D-5906-4FC4-B65D-53AC2DA4F8C5}.Debug|Any CPU.Build.0 = Debug|Any CPU
		{8CFAED3D-5906-4FC4-B65D-53AC2DA4F8C5}.Release|Any CPU.ActiveCfg = Release|Any CPU
		{8CFAED3D-5906-4FC4-B65D-53AC2DA4F8C5}.Release|Any CPU.Build.0 = Release|Any CPU
	EndGlobalSection
	GlobalSection(SolutionProperties) = preSolution
		HideSolutionNode = FALSE
	EndGlobalSection
	GlobalSection(ExtensibilityGlobals) = postSolution
		SolutionGuid = {DD9308D0-CF53-48FD-B604-79EF0C012EBB}
	EndGlobalSection
EndGlobal
